<?xml version="1.0" encoding="utf-8"?>
<Project ToolsVersion="4.0" xmlns="http://schemas.microsoft.com/developer/msbuild/2003">
  <ItemGroup>
    <Filter Include="Source Files">
      <UniqueIdentifier>{4FC737F1-C7A5-4376-A066-2A32D752A2FF}</UniqueIdentifier>
      <Extensions>cpp;c;cc;cxx;def;odl;idl;hpj;bat;asm;asmx</Extensions>
    </Filter>
    <Filter Include="Header Files">
      <UniqueIdentifier>{93995380-89BD-4b04-88EB-625FBE52EBFB}</UniqueIdentifier>
      <Extensions>h;hh;hpp;hxx;hm;inl;inc;ipp;xsd</Extensions>
    </Filter>
    <Filter Include="Resource Files">
      <UniqueIdentifier>{67DA6AB6-F800-4c08-8B7A-83BB121AAD01}</UniqueIdentifier>
      <Extensions>rc;ico;cur;bmp;dlg;rc2;rct;bin;rgs;gif;jpg;jpeg;jpe;resx;tiff;tif;png;wav;mfcribbon-ms</Extensions>
    </Filter>
    <Filter Include="Header Files\Game">
      <UniqueIdentifier>{56d357dc-ffe7-4704-9a23-17158a4b2683}</UniqueIdentifier>
    </Filter>
    <Filter Include="Header Files\Enemy">
      <UniqueIdentifier>{f44124b4-9bb8-4a27-98d2-be3a7448fc5a}</UniqueIdentifier>
    </Filter>
    <Filter Include="Header Files\Bullet">
      <UniqueIdentifier>{729a6ec9-ee33-4dbf-88c8-3ae4d6feb944}</UniqueIdentifier>
    </Filter>
    <Filter Include="Source Files\Game">
      <UniqueIdentifier>{dedf8d67-5d56-4d21-ab11-3882a8126536}</UniqueIdentifier>
    </Filter>
    <Filter Include="Source Files\Bullet">
      <UniqueIdentifier>{18ecb75a-0a77-486a-b248-f9944ac5751d}</UniqueIdentifier>
    </Filter>
    <Filter Include="Source Files\Enemy">
      <UniqueIdentifier>{545c9971-3b38-48fa-a89d-5bfbf21ff9c2}</UniqueIdentifier>
    </Filter>
    <Filter Include="Header Files\Helper">
      <UniqueIdentifier>{7d221a9a-fbf5-405e-abe4-1c8a0a193b55}</UniqueIdentifier>
    </Filter>
  </ItemGroup>
  <ItemGroup>
    <ClCompile Include="Main.cpp">
      <Filter>Source Files</Filter>
    </ClCompile>
    <ClCompile Include="Player.cpp">
      <Filter>Source Files</Filter>
    </ClCompile>
    <ClCompile Include="Quadtree.cpp">
      <Filter>Source Files</Filter>
    </ClCompile>
    <ClCompile Include="Game.cpp">
      <Filter>Source Files\Game</Filter>
    </ClCompile>
    <ClCompile Include="GameLogic.cpp">
      <Filter>Source Files\Game</Filter>
    </ClCompile>
    <ClCompile Include="GameObject.cpp">
      <Filter>Source Files\Game</Filter>
    </ClCompile>
    <ClCompile Include="Input.cpp">
      <Filter>Source Files\Game</Filter>
    </ClCompile>
    <ClCompile Include="Transform2d.cpp">
      <Filter>Source Files\Game</Filter>
    </ClCompile>
    <ClCompile Include="BulletFactory.cpp">
      <Filter>Source Files\Bullet</Filter>
    </ClCompile>
    <ClCompile Include="Bullet.cpp">
      <Filter>Source Files\Bullet</Filter>
    </ClCompile>
    <ClCompile Include="Enemy.cpp">
      <Filter>Source Files\Enemy</Filter>
    </ClCompile>
    <ClCompile Include="EnemyFactory.cpp">
      <Filter>Source Files\Enemy</Filter>
    </ClCompile>
    <ClCompile Include="FastEnemy.cpp">
      <Filter>Source Files\Enemy</Filter>
    </ClCompile>
    <ClCompile Include="ShootingEnemy.cpp">
      <Filter>Source Files\Enemy</Filter>
    </ClCompile>
  </ItemGroup>
  <ItemGroup>
    <ClInclude Include="Player.h">
      <Filter>Header Files</Filter>
    </ClInclude>
    <ClInclude Include="Quadtree.h">
      <Filter>Header Files</Filter>
    </ClInclude>
    <ClInclude Include="GameLogic.h">
      <Filter>Header Files\Game</Filter>
    </ClInclude>
    <ClInclude Include="Game.h">
      <Filter>Header Files\Game</Filter>
    </ClInclude>
    <ClInclude Include="GameObject.h">
      <Filter>Header Files\Game</Filter>
    </ClInclude>
    <ClInclude Include="Transform2d.h">
      <Filter>Header Files\Game</Filter>
    </ClInclude>
    <ClInclude Include="Enemy.h">
      <Filter>Header Files\Enemy</Filter>
    </ClInclude>
    <ClInclude Include="EnemyFactory.h">
      <Filter>Header Files\Enemy</Filter>
    </ClInclude>
    <ClInclude Include="FastEnemy.h">
      <Filter>Header Files\Enemy</Filter>
    </ClInclude>
    <ClInclude Include="ShootingEnemy.h">
      <Filter>Header Files\Enemy</Filter>
    </ClInclude>
    <ClInclude Include="BulletFactory.h">
      <Filter>Header Files\Bullet</Filter>
    </ClInclude>
    <ClInclude Include="Bullet.h">
      <Filter>Header Files\Bullet</Filter>
    </ClInclude>
    <ClInclude Include="StepTimer.h">
      <Filter>Header Files\Game</Filter>
    </ClInclude>
    <ClInclude Include="Input.h">
      <Filter>Header Files\Game</Filter>
    </ClInclude>
    <ClInclude Include="Utils.h">
      <Filter>Header Files\Helper</Filter>
    </ClInclude>
    <ClInclude Include="Defines.h">
      <Filter>Header Files\Helper</Filter>
    </ClInclude>
  </ItemGroup>
</Project>